// !$*UTF8*$!
{
	archiveVersion = 1;
	classes = {
	};
	objectVersion = 50;
	objects = {

/* Begin PBXBuildFile section */
		550D8552269B447000473FF3 /* Median Find.swift in Sources */ = {isa = PBXBuildFile; fileRef = 550D8551269B447000473FF3 /* Median Find.swift */; };
		5511D91726C51A8000B1D86C /* Group Anangrams.swift in Sources */ = {isa = PBXBuildFile; fileRef = 5511D91626C51A8000B1D86C /* Group Anangrams.swift */; };
		551702EA268F391700BDCC0E /* PhoneBoothProblem.swift in Sources */ = {isa = PBXBuildFile; fileRef = 551702E9268F391700BDCC0E /* PhoneBoothProblem.swift */; };
		5525C328267A4EF40029E5D1 /* MinHeap.swift in Sources */ = {isa = PBXBuildFile; fileRef = 5525C327267A4EF40029E5D1 /* MinHeap.swift */; };
		55315E042730F58D004BB1C1 /* average of levels.swift in Sources */ = {isa = PBXBuildFile; fileRef = 55315E032730F58D004BB1C1 /* average of levels.swift */; };
		553BFBDB26C2971700CD342D /* Flip String to Monotone increasing.swift in Sources */ = {isa = PBXBuildFile; fileRef = 553BFBDA26C2971700CD342D /* Flip String to Monotone increasing.swift */; };
		553BFBDD26C3F44D00CD342D /* Array of doubled pairs.swift in Sources */ = {isa = PBXBuildFile; fileRef = 553BFBDC26C3F44D00CD342D /* Array of doubled pairs.swift */; };
		5541C15926B56F130065B172 /* TappingWaterRain.swift in Sources */ = {isa = PBXBuildFile; fileRef = 5541C15826B56F130065B172 /* TappingWaterRain.swift */; };
		554228AC26B6E690007A6971 /* Large island.swift in Sources */ = {isa = PBXBuildFile; fileRef = 554228AB26B6E690007A6971 /* Large island.swift */; };
		554659B826DDDBB5004E81B9 /* Patching Array.swift in Sources */ = {isa = PBXBuildFile; fileRef = 554659B726DDDBB5004E81B9 /* Patching Array.swift */; };
		554659BC26DFEFAA004E81B9 /* Array Nesting.swift in Sources */ = {isa = PBXBuildFile; fileRef = 554659BB26DFEFAA004E81B9 /* Array Nesting.swift */; };
		554659FB26E13173004E81B9 /* Unique binary search trees.swift in Sources */ = {isa = PBXBuildFile; fileRef = 554659FA26E13173004E81B9 /* Unique binary search trees.swift */; };
		554659FD26E33639004E81B9 /* convex hull .swift in Sources */ = {isa = PBXBuildFile; fileRef = 554659FC26E33639004E81B9 /* convex hull .swift */; };
		554716A9267C770B00B34DBF /* InOrderTraversal.swift in Sources */ = {isa = PBXBuildFile; fileRef = 554716A8267C770B00B34DBF /* InOrderTraversal.swift */; };
		554716AE267FA3FF00B34DBF /* GroupAnangram.swift in Sources */ = {isa = PBXBuildFile; fileRef = 554716AD267FA3FF00B34DBF /* GroupAnangram.swift */; };
		5547D49F26CF8AE4008774DA /* Max product of splitted binary tree.swift in Sources */ = {isa = PBXBuildFile; fileRef = 5547D49E26CF8AE4008774DA /* Max product of splitted binary tree.swift */; };
		554CD71626B95202007794E4 /* PowerSet.swift in Sources */ = {isa = PBXBuildFile; fileRef = 554CD71526B95202007794E4 /* PowerSet.swift */; };
		55518F6426D1464000FCD06E /* Interview questions.swift in Sources */ = {isa = PBXBuildFile; fileRef = 55518F6326D1464000FCD06E /* Interview questions.swift */; };
		556F762626A2AAD200CB0ED8 /* 4Sum.swift in Sources */ = {isa = PBXBuildFile; fileRef = 556F762526A2AAD200CB0ED8 /* 4Sum.swift */; };
		5570AEDE26BC0E1100EF02F9 /* StoneGame1.swift in Sources */ = {isa = PBXBuildFile; fileRef = 5570AEDD26BC0E1100EF02F9 /* StoneGame1.swift */; };
		557647A126AC0C5D00461844 /* Binary Tree Pruning.swift in Sources */ = {isa = PBXBuildFile; fileRef = 557647A026AC0C5D00461844 /* Binary Tree Pruning.swift */; };
		557647A326AD4FD200461844 /* Word Ladder.swift in Sources */ = {isa = PBXBuildFile; fileRef = 557647A226AD4FD200461844 /* Word Ladder.swift */; };
		5578857126D651980071505D /* Sum of Square numbers.swift in Sources */ = {isa = PBXBuildFile; fileRef = 5578857026D651980071505D /* Sum of Square numbers.swift */; };
		558C2A62245C6ACF0072C75A /* AppDelegate.swift in Sources */ = {isa = PBXBuildFile; fileRef = 558C2A61245C6ACF0072C75A /* AppDelegate.swift */; };
		558C2A64245C6ACF0072C75A /* SceneDelegate.swift in Sources */ = {isa = PBXBuildFile; fileRef = 558C2A63245C6ACF0072C75A /* SceneDelegate.swift */; };
		558C2A66245C6ACF0072C75A /* ViewController.swift in Sources */ = {isa = PBXBuildFile; fileRef = 558C2A65245C6ACF0072C75A /* ViewController.swift */; };
		558C2A69245C6ACF0072C75A /* Main.storyboard in Resources */ = {isa = PBXBuildFile; fileRef = 558C2A67245C6ACF0072C75A /* Main.storyboard */; };
		558C2A6B245C6AD00072C75A /* Assets.xcassets in Resources */ = {isa = PBXBuildFile; fileRef = 558C2A6A245C6AD00072C75A /* Assets.xcassets */; };
		558C2A6E245C6AD00072C75A /* LaunchScreen.storyboard in Resources */ = {isa = PBXBuildFile; fileRef = 558C2A6C245C6AD00072C75A /* LaunchScreen.storyboard */; };
		558C2A76245C6B580072C75A /* EasyOne.swift in Sources */ = {isa = PBXBuildFile; fileRef = 558C2A75245C6B580072C75A /* EasyOne.swift */; };
		558F1BBD26A339EC005FA29C /* DisjointSet.swift in Sources */ = {isa = PBXBuildFile; fileRef = 558F1BBC26A339EC005FA29C /* DisjointSet.swift */; };
		5599ADD32677097C009C2F8F /* LongestPalindromeSubstring.swift in Sources */ = {isa = PBXBuildFile; fileRef = 5599ADD22677097C009C2F8F /* LongestPalindromeSubstring.swift */; };
		559BCB6226C153A500489253 /* Add strings.swift in Sources */ = {isa = PBXBuildFile; fileRef = 559BCB6126C153A500489253 /* Add strings.swift */; };
		559D5A9926D94D4100463EA1 /* Longest uncommon subsequence.swift in Sources */ = {isa = PBXBuildFile; fileRef = 559D5A9826D94D4100463EA1 /* Longest uncommon subsequence.swift */; };
		55A21BC426BEA7BC00C69FEE /* Palindrome Partition.swift in Sources */ = {isa = PBXBuildFile; fileRef = 55A21BC326BEA7BC00C69FEE /* Palindrome Partition.swift */; };
		55A21BC626BED44300C69FEE /* Partition arr.swift in Sources */ = {isa = PBXBuildFile; fileRef = 55A21BC526BED44300C69FEE /* Partition arr.swift */; };
		55A2592B26C66E1F00FD75D4 /* Set Matrix zeros.swift in Sources */ = {isa = PBXBuildFile; fileRef = 55A2592A26C66E1F00FD75D4 /* Set Matrix zeros.swift */; };
		55A3E21C26CBDEB200911890 /* Good Nodes in a binary tree.swift in Sources */ = {isa = PBXBuildFile; fileRef = 55A3E21B26CBDEB200911890 /* Good Nodes in a binary tree.swift */; };
		55A3E21E26CE0E3E00911890 /* Decode ways.swift in Sources */ = {isa = PBXBuildFile; fileRef = 55A3E21D26CE0E3E00911890 /* Decode ways.swift */; };
		55AA9D0126EB923500D72A86 /* Arithemetic slices (subsequences).swift in Sources */ = {isa = PBXBuildFile; fileRef = 55AA9D0026EB923500D72A86 /* Arithemetic slices (subsequences).swift */; };
		55AE98B92675FF610090855F /* LevelWiseTraversal.swift in Sources */ = {isa = PBXBuildFile; fileRef = 55AE98B82675FF610090855F /* LevelWiseTraversal.swift */; };
		55B1E62D26BF8924005EED94 /* Graph Representation.swift in Sources */ = {isa = PBXBuildFile; fileRef = 55B1E62C26BF8924005EED94 /* Graph Representation.swift */; };
		55B1E62F26BFB8E5005EED94 /* Logs.swift in Sources */ = {isa = PBXBuildFile; fileRef = 55B1E62E26BFB8E5005EED94 /* Logs.swift */; };
		55CDB4E526B813E8003198EC /* 2Sum.swift in Sources */ = {isa = PBXBuildFile; fileRef = 55CDB4E426B813E8003198EC /* 2Sum.swift */; };
		55CE30E8269965FB00CB6A69 /* MaximumLengthRepeatedSubArray.swift in Sources */ = {isa = PBXBuildFile; fileRef = 55CE30E7269965FB00CB6A69 /* MaximumLengthRepeatedSubArray.swift */; };
		55D2F14026C934AF009A3DB0 /* Minimum sliding window.swift in Sources */ = {isa = PBXBuildFile; fileRef = 55D2F13F26C934AF009A3DB0 /* Minimum sliding window.swift */; };
		55D30CEA26BAB4C300AD5559 /* Path Sum.swift in Sources */ = {isa = PBXBuildFile; fileRef = 55D30CE926BAB4C300AD5559 /* Path Sum.swift */; };
		55D692E026BD2092006534E4 /* Level-wise-traversal.swift in Sources */ = {isa = PBXBuildFile; fileRef = 55D692DF26BD2092006534E4 /* Level-wise-traversal.swift */; };
		55D894D626F459E300C0CBD5 /* LongestTurbulentArray.swift in Sources */ = {isa = PBXBuildFile; fileRef = 55D894D526F459E300C0CBD5 /* LongestTurbulentArray.swift */; };
		55D894D826F4623500C0CBD5 /* Spiral matrix.swift in Sources */ = {isa = PBXBuildFile; fileRef = 55D894D726F4623500C0CBD5 /* Spiral matrix.swift */; };
		55D8A1A426AD82410002CEC0 /* Non negative intergers without consecutive ones.swift in Sources */ = {isa = PBXBuildFile; fileRef = 55D8A1A326AD82410002CEC0 /* Non negative intergers without consecutive ones.swift */; };
		55D8A1AC26AF21C10002CEC0 /* SortedArrayToBST.swift in Sources */ = {isa = PBXBuildFile; fileRef = 55D8A1AB26AF21C10002CEC0 /* SortedArrayToBST.swift */; };
		55D8A1BC26B141560002CEC0 /* 3SumClosest.swift in Sources */ = {isa = PBXBuildFile; fileRef = 55D8A1BB26B141560002CEC0 /* 3SumClosest.swift */; };
		55E630702674FD45001D5A59 /* 3Sum.swift in Sources */ = {isa = PBXBuildFile; fileRef = 55E6306F2674FD45001D5A59 /* 3Sum.swift */; };
		55E630722675B4F9001D5A59 /* SetMatrixZero.swift in Sources */ = {isa = PBXBuildFile; fileRef = 55E630712675B4F8001D5A59 /* SetMatrixZero.swift */; };
		55E9E12D26A5482600654689 /* ReverseNodeInKGroup.swift in Sources */ = {isa = PBXBuildFile; fileRef = 55E9E12C26A5482600654689 /* ReverseNodeInKGroup.swift */; };
		55EE3C2826CA552700FACA3D /* Hops count.swift in Sources */ = {isa = PBXBuildFile; fileRef = 55EE3C2726CA552700FACA3D /* Hops count.swift */; };
		55EE3C2A26CA7ED900FACA3D /* Segment Tree.swift in Sources */ = {isa = PBXBuildFile; fileRef = 55EE3C2926CA7ED900FACA3D /* Segment Tree.swift */; };
		55F06CFB26A9AF2F00531ABD /* partition_array_disjoint_intervals.swift in Sources */ = {isa = PBXBuildFile; fileRef = 55F06CFA26A9AF2F00531ABD /* partition_array_disjoint_intervals.swift */; };
		55F9D2582697302300044EA0 /* Permutation.swift in Sources */ = {isa = PBXBuildFile; fileRef = 55F9D2572697302300044EA0 /* Permutation.swift */; };
		55F9FF2C272C2B76005CA025 /* Rotting Oranges.swift in Sources */ = {isa = PBXBuildFile; fileRef = 55F9FF2B272C2B76005CA025 /* Rotting Oranges.swift */; };
		55FF966E26DA8428001FDED2 /* Maximum profit job scheduling.swift in Sources */ = {isa = PBXBuildFile; fileRef = 55FF966D26DA8428001FDED2 /* Maximum profit job scheduling.swift */; };
/* End PBXBuildFile section */

/* Begin PBXFileReference section */
		550D8551269B447000473FF3 /* Median Find.swift */ = {isa = PBXFileReference; lastKnownFileType = sourcecode.swift; path = "Median Find.swift"; sourceTree = "<group>"; };
		5511D91626C51A8000B1D86C /* Group Anangrams.swift */ = {isa = PBXFileReference; lastKnownFileType = sourcecode.swift; path = "Group Anangrams.swift"; sourceTree = "<group>"; };
		551702E9268F391700BDCC0E /* PhoneBoothProblem.swift */ = {isa = PBXFileReference; lastKnownFileType = sourcecode.swift; path = PhoneBoothProblem.swift; sourceTree = "<group>"; };
		5525C327267A4EF40029E5D1 /* MinHeap.swift */ = {isa = PBXFileReference; lastKnownFileType = sourcecode.swift; path = MinHeap.swift; sourceTree = "<group>"; };
		55315E032730F58D004BB1C1 /* average of levels.swift */ = {isa = PBXFileReference; lastKnownFileType = sourcecode.swift; path = "average of levels.swift"; sourceTree = "<group>"; };
		553BFBDA26C2971700CD342D /* Flip String to Monotone increasing.swift */ = {isa = PBXFileReference; lastKnownFileType = sourcecode.swift; path = "Flip String to Monotone increasing.swift"; sourceTree = "<group>"; };
		553BFBDC26C3F44D00CD342D /* Array of doubled pairs.swift */ = {isa = PBXFileReference; lastKnownFileType = sourcecode.swift; path = "Array of doubled pairs.swift"; sourceTree = "<group>"; };
		5541C15826B56F130065B172 /* TappingWaterRain.swift */ = {isa = PBXFileReference; lastKnownFileType = sourcecode.swift; path = TappingWaterRain.swift; sourceTree = "<group>"; };
		554228AB26B6E690007A6971 /* Large island.swift */ = {isa = PBXFileReference; lastKnownFileType = sourcecode.swift; path = "Large island.swift"; sourceTree = "<group>"; };
		554659B726DDDBB5004E81B9 /* Patching Array.swift */ = {isa = PBXFileReference; lastKnownFileType = sourcecode.swift; path = "Patching Array.swift"; sourceTree = "<group>"; };
		554659BB26DFEFAA004E81B9 /* Array Nesting.swift */ = {isa = PBXFileReference; lastKnownFileType = sourcecode.swift; path = "Array Nesting.swift"; sourceTree = "<group>"; };
		554659FA26E13173004E81B9 /* Unique binary search trees.swift */ = {isa = PBXFileReference; lastKnownFileType = sourcecode.swift; path = "Unique binary search trees.swift"; sourceTree = "<group>"; };
		554659FC26E33639004E81B9 /* convex hull .swift */ = {isa = PBXFileReference; lastKnownFileType = sourcecode.swift; path = "convex hull .swift"; sourceTree = "<group>"; };
		554716A8267C770B00B34DBF /* InOrderTraversal.swift */ = {isa = PBXFileReference; lastKnownFileType = sourcecode.swift; path = InOrderTraversal.swift; sourceTree = "<group>"; };
		554716AD267FA3FF00B34DBF /* GroupAnangram.swift */ = {isa = PBXFileReference; lastKnownFileType = sourcecode.swift; path = GroupAnangram.swift; sourceTree = "<group>"; };
		5547D49E26CF8AE4008774DA /* Max product of splitted binary tree.swift */ = {isa = PBXFileReference; lastKnownFileType = sourcecode.swift; path = "Max product of splitted binary tree.swift"; sourceTree = "<group>"; };
		554CD71526B95202007794E4 /* PowerSet.swift */ = {isa = PBXFileReference; lastKnownFileType = sourcecode.swift; path = PowerSet.swift; sourceTree = "<group>"; };
		55518F6326D1464000FCD06E /* Interview questions.swift */ = {isa = PBXFileReference; lastKnownFileType = sourcecode.swift; path = "Interview questions.swift"; sourceTree = "<group>"; };
		556F762526A2AAD200CB0ED8 /* 4Sum.swift */ = {isa = PBXFileReference; lastKnownFileType = sourcecode.swift; path = 4Sum.swift; sourceTree = "<group>"; };
		5570AEDD26BC0E1100EF02F9 /* StoneGame1.swift */ = {isa = PBXFileReference; lastKnownFileType = sourcecode.swift; path = StoneGame1.swift; sourceTree = "<group>"; };
		557647A026AC0C5D00461844 /* Binary Tree Pruning.swift */ = {isa = PBXFileReference; lastKnownFileType = sourcecode.swift; path = "Binary Tree Pruning.swift"; sourceTree = "<group>"; };
		557647A226AD4FD200461844 /* Word Ladder.swift */ = {isa = PBXFileReference; lastKnownFileType = sourcecode.swift; path = "Word Ladder.swift"; sourceTree = "<group>"; };
		5578857026D651980071505D /* Sum of Square numbers.swift */ = {isa = PBXFileReference; lastKnownFileType = sourcecode.swift; path = "Sum of Square numbers.swift"; sourceTree = "<group>"; };
		558C2A5E245C6ACF0072C75A /* Leetcode_pack_one.app */ = {isa = PBXFileReference; explicitFileType = wrapper.application; includeInIndex = 0; path = Leetcode_pack_one.app; sourceTree = BUILT_PRODUCTS_DIR; };
		558C2A61245C6ACF0072C75A /* AppDelegate.swift */ = {isa = PBXFileReference; lastKnownFileType = sourcecode.swift; path = AppDelegate.swift; sourceTree = "<group>"; };
		558C2A63245C6ACF0072C75A /* SceneDelegate.swift */ = {isa = PBXFileReference; lastKnownFileType = sourcecode.swift; path = SceneDelegate.swift; sourceTree = "<group>"; };
		558C2A65245C6ACF0072C75A /* ViewController.swift */ = {isa = PBXFileReference; lastKnownFileType = sourcecode.swift; path = ViewController.swift; sourceTree = "<group>"; };
		558C2A68245C6ACF0072C75A /* Base */ = {isa = PBXFileReference; lastKnownFileType = file.storyboard; name = Base; path = Base.lproj/Main.storyboard; sourceTree = "<group>"; };
		558C2A6A245C6AD00072C75A /* Assets.xcassets */ = {isa = PBXFileReference; lastKnownFileType = folder.assetcatalog; path = Assets.xcassets; sourceTree = "<group>"; };
		558C2A6D245C6AD00072C75A /* Base */ = {isa = PBXFileReference; lastKnownFileType = file.storyboard; name = Base; path = Base.lproj/LaunchScreen.storyboard; sourceTree = "<group>"; };
		558C2A6F245C6AD00072C75A /* Info.plist */ = {isa = PBXFileReference; lastKnownFileType = text.plist.xml; path = Info.plist; sourceTree = "<group>"; };
		558C2A75245C6B580072C75A /* EasyOne.swift */ = {isa = PBXFileReference; lastKnownFileType = sourcecode.swift; path = EasyOne.swift; sourceTree = "<group>"; };
		558F1BBC26A339EC005FA29C /* DisjointSet.swift */ = {isa = PBXFileReference; lastKnownFileType = sourcecode.swift; path = DisjointSet.swift; sourceTree = "<group>"; };
		5599ADD22677097C009C2F8F /* LongestPalindromeSubstring.swift */ = {isa = PBXFileReference; lastKnownFileType = sourcecode.swift; path = LongestPalindromeSubstring.swift; sourceTree = "<group>"; };
		559BCB6126C153A500489253 /* Add strings.swift */ = {isa = PBXFileReference; lastKnownFileType = sourcecode.swift; path = "Add strings.swift"; sourceTree = "<group>"; };
		559D5A9826D94D4100463EA1 /* Longest uncommon subsequence.swift */ = {isa = PBXFileReference; lastKnownFileType = sourcecode.swift; path = "Longest uncommon subsequence.swift"; sourceTree = "<group>"; };
		55A21BC326BEA7BC00C69FEE /* Palindrome Partition.swift */ = {isa = PBXFileReference; lastKnownFileType = sourcecode.swift; path = "Palindrome Partition.swift"; sourceTree = "<group>"; };
		55A21BC526BED44300C69FEE /* Partition arr.swift */ = {isa = PBXFileReference; lastKnownFileType = sourcecode.swift; path = "Partition arr.swift"; sourceTree = "<group>"; };
		55A2592A26C66E1F00FD75D4 /* Set Matrix zeros.swift */ = {isa = PBXFileReference; lastKnownFileType = sourcecode.swift; path = "Set Matrix zeros.swift"; sourceTree = "<group>"; };
		55A3E21B26CBDEB200911890 /* Good Nodes in a binary tree.swift */ = {isa = PBXFileReference; lastKnownFileType = sourcecode.swift; path = "Good Nodes in a binary tree.swift"; sourceTree = "<group>"; };
		55A3E21D26CE0E3E00911890 /* Decode ways.swift */ = {isa = PBXFileReference; lastKnownFileType = sourcecode.swift; path = "Decode ways.swift"; sourceTree = "<group>"; };
		55AA9D0026EB923500D72A86 /* Arithemetic slices (subsequences).swift */ = {isa = PBXFileReference; lastKnownFileType = sourcecode.swift; path = "Arithemetic slices (subsequences).swift"; sourceTree = "<group>"; };
		55AE98B82675FF610090855F /* LevelWiseTraversal.swift */ = {isa = PBXFileReference; lastKnownFileType = sourcecode.swift; path = LevelWiseTraversal.swift; sourceTree = "<group>"; };
		55B1E62C26BF8924005EED94 /* Graph Representation.swift */ = {isa = PBXFileReference; lastKnownFileType = sourcecode.swift; path = "Graph Representation.swift"; sourceTree = "<group>"; };
		55B1E62E26BFB8E5005EED94 /* Logs.swift */ = {isa = PBXFileReference; lastKnownFileType = sourcecode.swift; path = Logs.swift; sourceTree = "<group>"; };
		55CDB4E426B813E8003198EC /* 2Sum.swift */ = {isa = PBXFileReference; lastKnownFileType = sourcecode.swift; path = 2Sum.swift; sourceTree = "<group>"; };
		55CE30E7269965FB00CB6A69 /* MaximumLengthRepeatedSubArray.swift */ = {isa = PBXFileReference; lastKnownFileType = sourcecode.swift; path = MaximumLengthRepeatedSubArray.swift; sourceTree = "<group>"; };
		55D2F13F26C934AF009A3DB0 /* Minimum sliding window.swift */ = {isa = PBXFileReference; lastKnownFileType = sourcecode.swift; path = "Minimum sliding window.swift"; sourceTree = "<group>"; };
		55D30CE926BAB4C300AD5559 /* Path Sum.swift */ = {isa = PBXFileReference; lastKnownFileType = sourcecode.swift; path = "Path Sum.swift"; sourceTree = "<group>"; };
		55D692DF26BD2092006534E4 /* Level-wise-traversal.swift */ = {isa = PBXFileReference; lastKnownFileType = sourcecode.swift; path = "Level-wise-traversal.swift"; sourceTree = "<group>"; };
		55D894D526F459E300C0CBD5 /* LongestTurbulentArray.swift */ = {isa = PBXFileReference; lastKnownFileType = sourcecode.swift; path = LongestTurbulentArray.swift; sourceTree = "<group>"; };
		55D894D726F4623500C0CBD5 /* Spiral matrix.swift */ = {isa = PBXFileReference; lastKnownFileType = sourcecode.swift; path = "Spiral matrix.swift"; sourceTree = "<group>"; };
		55D8A1A326AD82410002CEC0 /* Non negative intergers without consecutive ones.swift */ = {isa = PBXFileReference; lastKnownFileType = sourcecode.swift; path = "Non negative intergers without consecutive ones.swift"; sourceTree = "<group>"; };
		55D8A1AB26AF21C10002CEC0 /* SortedArrayToBST.swift */ = {isa = PBXFileReference; lastKnownFileType = sourcecode.swift; path = SortedArrayToBST.swift; sourceTree = "<group>"; };
		55D8A1BB26B141560002CEC0 /* 3SumClosest.swift */ = {isa = PBXFileReference; lastKnownFileType = sourcecode.swift; path = 3SumClosest.swift; sourceTree = "<group>"; };
		55E6306F2674FD45001D5A59 /* 3Sum.swift */ = {isa = PBXFileReference; lastKnownFileType = sourcecode.swift; path = 3Sum.swift; sourceTree = "<group>"; };
		55E630712675B4F8001D5A59 /* SetMatrixZero.swift */ = {isa = PBXFileReference; lastKnownFileType = sourcecode.swift; path = SetMatrixZero.swift; sourceTree = "<group>"; };
		55E9E12C26A5482600654689 /* ReverseNodeInKGroup.swift */ = {isa = PBXFileReference; lastKnownFileType = sourcecode.swift; path = ReverseNodeInKGroup.swift; sourceTree = "<group>"; };
		55EE3C2726CA552700FACA3D /* Hops count.swift */ = {isa = PBXFileReference; lastKnownFileType = sourcecode.swift; path = "Hops count.swift"; sourceTree = "<group>"; };
		55EE3C2926CA7ED900FACA3D /* Segment Tree.swift */ = {isa = PBXFileReference; lastKnownFileType = sourcecode.swift; path = "Segment Tree.swift"; sourceTree = "<group>"; };
		55F06CFA26A9AF2F00531ABD /* partition_array_disjoint_intervals.swift */ = {isa = PBXFileReference; lastKnownFileType = sourcecode.swift; path = partition_array_disjoint_intervals.swift; sourceTree = "<group>"; };
		55F9D2572697302300044EA0 /* Permutation.swift */ = {isa = PBXFileReference; lastKnownFileType = sourcecode.swift; path = Permutation.swift; sourceTree = "<group>"; };
		55F9FF2B272C2B76005CA025 /* Rotting Oranges.swift */ = {isa = PBXFileReference; lastKnownFileType = sourcecode.swift; path = "Rotting Oranges.swift"; sourceTree = "<group>"; };
		55FF966D26DA8428001FDED2 /* Maximum profit job scheduling.swift */ = {isa = PBXFileReference; lastKnownFileType = sourcecode.swift; path = "Maximum profit job scheduling.swift"; sourceTree = "<group>"; };
/* End PBXFileReference section */

/* Begin PBXFrameworksBuildPhase section */
		558C2A5B245C6ACF0072C75A /* Frameworks */ = {
			isa = PBXFrameworksBuildPhase;
			buildActionMask = 2147483647;
			files = (
			);
			runOnlyForDeploymentPostprocessing = 0;
		};
/* End PBXFrameworksBuildPhase section */

/* Begin PBXGroup section */
		558C2A55245C6ACE0072C75A = {
			isa = PBXGroup;
			children = (
				558C2A60245C6ACF0072C75A /* Leetcode_pack_one */,
				558C2A5F245C6ACF0072C75A /* Products */,
			);
			sourceTree = "<group>";
		};
		558C2A5F245C6ACF0072C75A /* Products */ = {
			isa = PBXGroup;
			children = (
				558C2A5E245C6ACF0072C75A /* Leetcode_pack_one.app */,
			);
			name = Products;
			sourceTree = "<group>";
		};
		558C2A60245C6ACF0072C75A /* Leetcode_pack_one */ = {
			isa = PBXGroup;
			children = (
				55CDB4E426B813E8003198EC /* 2Sum.swift */,
				55E6306F2674FD45001D5A59 /* 3Sum.swift */,
				55D8A1BB26B141560002CEC0 /* 3SumClosest.swift */,
				556F762526A2AAD200CB0ED8 /* 4Sum.swift */,
				559BCB6126C153A500489253 /* Add strings.swift */,
				558C2A61245C6ACF0072C75A /* AppDelegate.swift */,
				55AA9D0026EB923500D72A86 /* Arithemetic slices (subsequences).swift */,
				554659BB26DFEFAA004E81B9 /* Array Nesting.swift */,
				553BFBDC26C3F44D00CD342D /* Array of doubled pairs.swift */,
				55CE30E92699668E00CB6A69 /* assets */,
				557647A026AC0C5D00461844 /* Binary Tree Pruning.swift */,
				554659FC26E33639004E81B9 /* convex hull .swift */,
				55A3E21D26CE0E3E00911890 /* Decode ways.swift */,
				558F1BBC26A339EC005FA29C /* DisjointSet.swift */,
				558C2A75245C6B580072C75A /* EasyOne.swift */,
				553BFBDA26C2971700CD342D /* Flip String to Monotone increasing.swift */,
				55A3E21B26CBDEB200911890 /* Good Nodes in a binary tree.swift */,
				55B1E62C26BF8924005EED94 /* Graph Representation.swift */,
				5511D91626C51A8000B1D86C /* Group Anangrams.swift */,
				554716AD267FA3FF00B34DBF /* GroupAnangram.swift */,
				55EE3C2726CA552700FACA3D /* Hops count.swift */,
				558C2A6F245C6AD00072C75A /* Info.plist */,
				554716A8267C770B00B34DBF /* InOrderTraversal.swift */,
				55518F6326D1464000FCD06E /* Interview questions.swift */,
				554228AB26B6E690007A6971 /* Large island.swift */,
				55D692DF26BD2092006534E4 /* Level-wise-traversal.swift */,
				55AE98B82675FF610090855F /* LevelWiseTraversal.swift */,
				55B1E62E26BFB8E5005EED94 /* Logs.swift */,
				559D5A9826D94D4100463EA1 /* Longest uncommon subsequence.swift */,
				5599ADD22677097C009C2F8F /* LongestPalindromeSubstring.swift */,
				55D894D526F459E300C0CBD5 /* LongestTurbulentArray.swift */,
				5547D49E26CF8AE4008774DA /* Max product of splitted binary tree.swift */,
				55FF966D26DA8428001FDED2 /* Maximum profit job scheduling.swift */,
				55CE30E7269965FB00CB6A69 /* MaximumLengthRepeatedSubArray.swift */,
				550D8551269B447000473FF3 /* Median Find.swift */,
				5525C327267A4EF40029E5D1 /* MinHeap.swift */,
				55D2F13F26C934AF009A3DB0 /* Minimum sliding window.swift */,
				55D8A1A326AD82410002CEC0 /* Non negative intergers without consecutive ones.swift */,
				55A21BC326BEA7BC00C69FEE /* Palindrome Partition.swift */,
				55A21BC526BED44300C69FEE /* Partition arr.swift */,
				55F06CFA26A9AF2F00531ABD /* partition_array_disjoint_intervals.swift */,
				554659B726DDDBB5004E81B9 /* Patching Array.swift */,
				55D30CE926BAB4C300AD5559 /* Path Sum.swift */,
				55F9D2572697302300044EA0 /* Permutation.swift */,
				551702E9268F391700BDCC0E /* PhoneBoothProblem.swift */,
				554CD71526B95202007794E4 /* PowerSet.swift */,
				55E9E12C26A5482600654689 /* ReverseNodeInKGroup.swift */,
				558C2A63245C6ACF0072C75A /* SceneDelegate.swift */,
				55EE3C2926CA7ED900FACA3D /* Segment Tree.swift */,
				55A2592A26C66E1F00FD75D4 /* Set Matrix zeros.swift */,
				55E630712675B4F8001D5A59 /* SetMatrixZero.swift */,
				55D8A1AB26AF21C10002CEC0 /* SortedArrayToBST.swift */,
				55D894D726F4623500C0CBD5 /* Spiral matrix.swift */,
				5570AEDD26BC0E1100EF02F9 /* StoneGame1.swift */,
				5578857026D651980071505D /* Sum of Square numbers.swift */,
				5541C15826B56F130065B172 /* TappingWaterRain.swift */,
				554659FA26E13173004E81B9 /* Unique binary search trees.swift */,
				558C2A65245C6ACF0072C75A /* ViewController.swift */,
				557647A226AD4FD200461844 /* Word Ladder.swift */,
				55F9FF2B272C2B76005CA025 /* Rotting Oranges.swift */,
				55315E032730F58D004BB1C1 /* average of levels.swift */,
			);
			path = Leetcode_pack_one;
			sourceTree = "<group>";
		};
		55CE30E92699668E00CB6A69 /* assets */ = {
			isa = PBXGroup;
			children = (
				558C2A67245C6ACF0072C75A /* Main.storyboard */,
				558C2A6A245C6AD00072C75A /* Assets.xcassets */,
				558C2A6C245C6AD00072C75A /* LaunchScreen.storyboard */,
			);
			path = assets;
			sourceTree = "<group>";
		};
/* End PBXGroup section */

/* Begin PBXNativeTarget section */
		558C2A5D245C6ACF0072C75A /* Leetcode_pack_one */ = {
			isa = PBXNativeTarget;
			buildConfigurationList = 558C2A72245C6AD00072C75A /* Build configuration list for PBXNativeTarget "Leetcode_pack_one" */;
			buildPhases = (
				558C2A5A245C6ACF0072C75A /* Sources */,
				558C2A5B245C6ACF0072C75A /* Frameworks */,
				558C2A5C245C6ACF0072C75A /* Resources */,
			);
			buildRules = (
			);
			dependencies = (
			);
			name = Leetcode_pack_one;
			productName = Leetcode_pack_one;
			productReference = 558C2A5E245C6ACF0072C75A /* Leetcode_pack_one.app */;
			productType = "com.apple.product-type.application";
		};
/* End PBXNativeTarget section */

/* Begin PBXProject section */
		558C2A56245C6ACE0072C75A /* Project object */ = {
			isa = PBXProject;
			attributes = {
				LastSwiftUpdateCheck = 1120;
				LastUpgradeCheck = 1120;
				ORGANIZATIONNAME = "Ashis Laha";
				TargetAttributes = {
					558C2A5D245C6ACF0072C75A = {
						CreatedOnToolsVersion = 11.2.1;
						LastSwiftMigration = 1250;
					};
				};
			};
			buildConfigurationList = 558C2A59245C6ACE0072C75A /* Build configuration list for PBXProject "Leetcode_pack_one" */;
			compatibilityVersion = "Xcode 9.3";
			developmentRegion = en;
			hasScannedForEncodings = 0;
			knownRegions = (
				en,
				Base,
			);
			mainGroup = 558C2A55245C6ACE0072C75A;
			productRefGroup = 558C2A5F245C6ACF0072C75A /* Products */;
			projectDirPath = "";
			projectRoot = "";
			targets = (
				558C2A5D245C6ACF0072C75A /* Leetcode_pack_one */,
			);
		};
/* End PBXProject section */

/* Begin PBXResourcesBuildPhase section */
		558C2A5C245C6ACF0072C75A /* Resources */ = {
			isa = PBXResourcesBuildPhase;
			buildActionMask = 2147483647;
			files = (
				558C2A6E245C6AD00072C75A /* LaunchScreen.storyboard in Resources */,
				558C2A6B245C6AD00072C75A /* Assets.xcassets in Resources */,
				558C2A69245C6ACF0072C75A /* Main.storyboard in Resources */,
			);
			runOnlyForDeploymentPostprocessing = 0;
		};
/* End PBXResourcesBuildPhase section */

/* Begin PBXSourcesBuildPhase section */
		558C2A5A245C6ACF0072C75A /* Sources */ = {
			isa = PBXSourcesBuildPhase;
			buildActionMask = 2147483647;
			files = (
				55D8A1A426AD82410002CEC0 /* Non negative intergers without consecutive ones.swift in Sources */,
				55518F6426D1464000FCD06E /* Interview questions.swift in Sources */,
				554659B826DDDBB5004E81B9 /* Patching Array.swift in Sources */,
				55A3E21E26CE0E3E00911890 /* Decode ways.swift in Sources */,
				55D894D826F4623500C0CBD5 /* Spiral matrix.swift in Sources */,
				550D8552269B447000473FF3 /* Median Find.swift in Sources */,
				55D30CEA26BAB4C300AD5559 /* Path Sum.swift in Sources */,
				55E9E12D26A5482600654689 /* ReverseNodeInKGroup.swift in Sources */,
				554716A9267C770B00B34DBF /* InOrderTraversal.swift in Sources */,
				5570AEDE26BC0E1100EF02F9 /* StoneGame1.swift in Sources */,
				55E630702674FD45001D5A59 /* 3Sum.swift in Sources */,
				5547D49F26CF8AE4008774DA /* Max product of splitted binary tree.swift in Sources */,
				558C2A76245C6B580072C75A /* EasyOne.swift in Sources */,
				558F1BBD26A339EC005FA29C /* DisjointSet.swift in Sources */,
				55D8A1AC26AF21C10002CEC0 /* SortedArrayToBST.swift in Sources */,
				5578857126D651980071505D /* Sum of Square numbers.swift in Sources */,
				55F9D2582697302300044EA0 /* Permutation.swift in Sources */,
				558C2A66245C6ACF0072C75A /* ViewController.swift in Sources */,
				55D692E026BD2092006534E4 /* Level-wise-traversal.swift in Sources */,
				554CD71626B95202007794E4 /* PowerSet.swift in Sources */,
				557647A126AC0C5D00461844 /* Binary Tree Pruning.swift in Sources */,
				559D5A9926D94D4100463EA1 /* Longest uncommon subsequence.swift in Sources */,
				55F9FF2C272C2B76005CA025 /* Rotting Oranges.swift in Sources */,
				554716AE267FA3FF00B34DBF /* GroupAnangram.swift in Sources */,
				55EE3C2826CA552700FACA3D /* Hops count.swift in Sources */,
				551702EA268F391700BDCC0E /* PhoneBoothProblem.swift in Sources */,
				553BFBDB26C2971700CD342D /* Flip String to Monotone increasing.swift in Sources */,
				554659FD26E33639004E81B9 /* convex hull .swift in Sources */,
				558C2A62245C6ACF0072C75A /* AppDelegate.swift in Sources */,
				55FF966E26DA8428001FDED2 /* Maximum profit job scheduling.swift in Sources */,
				55AE98B92675FF610090855F /* LevelWiseTraversal.swift in Sources */,
				559BCB6226C153A500489253 /* Add strings.swift in Sources */,
				554659BC26DFEFAA004E81B9 /* Array Nesting.swift in Sources */,
				55A2592B26C66E1F00FD75D4 /* Set Matrix zeros.swift in Sources */,
				55A21BC626BED44300C69FEE /* Partition arr.swift in Sources */,
				55AA9D0126EB923500D72A86 /* Arithemetic slices (subsequences).swift in Sources */,
				55CE30E8269965FB00CB6A69 /* MaximumLengthRepeatedSubArray.swift in Sources */,
				55A3E21C26CBDEB200911890 /* Good Nodes in a binary tree.swift in Sources */,
				55EE3C2A26CA7ED900FACA3D /* Segment Tree.swift in Sources */,
				5525C328267A4EF40029E5D1 /* MinHeap.swift in Sources */,
				554228AC26B6E690007A6971 /* Large island.swift in Sources */,
				55F06CFB26A9AF2F00531ABD /* partition_array_disjoint_intervals.swift in Sources */,
				5541C15926B56F130065B172 /* TappingWaterRain.swift in Sources */,
				553BFBDD26C3F44D00CD342D /* Array of doubled pairs.swift in Sources */,
				55D8A1BC26B141560002CEC0 /* 3SumClosest.swift in Sources */,
				55B1E62D26BF8924005EED94 /* Graph Representation.swift in Sources */,
				558C2A64245C6ACF0072C75A /* SceneDelegate.swift in Sources */,
				5511D91726C51A8000B1D86C /* Group Anangrams.swift in Sources */,
				55A21BC426BEA7BC00C69FEE /* Palindrome Partition.swift in Sources */,
				55D2F14026C934AF009A3DB0 /* Minimum sliding window.swift in Sources */,
				5599ADD32677097C009C2F8F /* LongestPalindromeSubstring.swift in Sources */,
				554659FB26E13173004E81B9 /* Unique binary search trees.swift in Sources */,
				556F762626A2AAD200CB0ED8 /* 4Sum.swift in Sources */,
				55B1E62F26BFB8E5005EED94 /* Logs.swift in Sources */,
				557647A326AD4FD200461844 /* Word Ladder.swift in Sources */,
				55CDB4E526B813E8003198EC /* 2Sum.swift in Sources */,
				55D894D626F459E300C0CBD5 /* LongestTurbulentArray.swift in Sources */,
				55E630722675B4F9001D5A59 /* SetMatrixZero.swift in Sources */,
				55315E042730F58D004BB1C1 /* average of levels.swift in Sources */,
			);
			runOnlyForDeploymentPostprocessing = 0;
		};
/* End PBXSourcesBuildPhase section */

/* Begin PBXVariantGroup section */
		558C2A67245C6ACF0072C75A /* Main.storyboard */ = {
			isa = PBXVariantGroup;
			children = (
				558C2A68245C6ACF0072C75A /* Base */,
			);
			name = Main.storyboard;
			sourceTree = "<group>";
		};
		558C2A6C245C6AD00072C75A /* LaunchScreen.storyboard */ = {
			isa = PBXVariantGroup;
			children = (
				558C2A6D245C6AD00072C75A /* Base */,
			);
			name = LaunchScreen.storyboard;
			sourceTree = "<group>";
		};
/* End PBXVariantGroup section */

/* Begin XCBuildConfiguration section */
		558C2A70245C6AD00072C75A /* Debug */ = {
			isa = XCBuildConfiguration;
			buildSettings = {
				ALWAYS_SEARCH_USER_PATHS = NO;
				CLANG_ANALYZER_NONNULL = YES;
				CLANG_ANALYZER_NUMBER_OBJECT_CONVERSION = YES_AGGRESSIVE;
				CLANG_CXX_LANGUAGE_STANDARD = "gnu++14";
				CLANG_CXX_LIBRARY = "libc++";
				CLANG_ENABLE_MODULES = YES;
				CLANG_ENABLE_OBJC_ARC = YES;
				CLANG_ENABLE_OBJC_WEAK = YES;
				CLANG_WARN_BLOCK_CAPTURE_AUTORELEASING = YES;
				CLANG_WARN_BOOL_CONVERSION = YES;
				CLANG_WARN_COMMA = YES;
				CLANG_WARN_CONSTANT_CONVERSION = YES;
				CLANG_WARN_DEPRECATED_OBJC_IMPLEMENTATIONS = YES;
				CLANG_WARN_DIRECT_OBJC_ISA_USAGE = YES_ERROR;
				CLANG_WARN_DOCUMENTATION_COMMENTS = YES;
				CLANG_WARN_EMPTY_BODY = YES;
				CLANG_WARN_ENUM_CONVERSION = YES;
				CLANG_WARN_INFINITE_RECURSION = YES;
				CLANG_WARN_INT_CONVERSION = YES;
				CLANG_WARN_NON_LITERAL_NULL_CONVERSION = YES;
				CLANG_WARN_OBJC_IMPLICIT_RETAIN_SELF = YES;
				CLANG_WARN_OBJC_LITERAL_CONVERSION = YES;
				CLANG_WARN_OBJC_ROOT_CLASS = YES_ERROR;
				CLANG_WARN_RANGE_LOOP_ANALYSIS = YES;
				CLANG_WARN_STRICT_PROTOTYPES = YES;
				CLANG_WARN_SUSPICIOUS_MOVE = YES;
				CLANG_WARN_UNGUARDED_AVAILABILITY = YES_AGGRESSIVE;
				CLANG_WARN_UNREACHABLE_CODE = YES;
				CLANG_WARN__DUPLICATE_METHOD_MATCH = YES;
				COPY_PHASE_STRIP = NO;
				DEBUG_INFORMATION_FORMAT = dwarf;
				ENABLE_STRICT_OBJC_MSGSEND = YES;
				ENABLE_TESTABILITY = YES;
				GCC_C_LANGUAGE_STANDARD = gnu11;
				GCC_DYNAMIC_NO_PIC = NO;
				GCC_NO_COMMON_BLOCKS = YES;
				GCC_OPTIMIZATION_LEVEL = 0;
				GCC_PREPROCESSOR_DEFINITIONS = (
					"DEBUG=1",
					"$(inherited)",
				);
				GCC_WARN_64_TO_32_BIT_CONVERSION = YES;
				GCC_WARN_ABOUT_RETURN_TYPE = YES_ERROR;
				GCC_WARN_UNDECLARED_SELECTOR = YES;
				GCC_WARN_UNINITIALIZED_AUTOS = YES_AGGRESSIVE;
				GCC_WARN_UNUSED_FUNCTION = YES;
				GCC_WARN_UNUSED_VARIABLE = YES;
				IPHONEOS_DEPLOYMENT_TARGET = 13.2;
				MTL_ENABLE_DEBUG_INFO = INCLUDE_SOURCE;
				MTL_FAST_MATH = YES;
				ONLY_ACTIVE_ARCH = YES;
				SDKROOT = iphoneos;
				SWIFT_ACTIVE_COMPILATION_CONDITIONS = DEBUG;
				SWIFT_OPTIMIZATION_LEVEL = "-Onone";
			};
			name = Debug;
		};
		558C2A71245C6AD00072C75A /* Release */ = {
			isa = XCBuildConfiguration;
			buildSettings = {
				ALWAYS_SEARCH_USER_PATHS = NO;
				CLANG_ANALYZER_NONNULL = YES;
				CLANG_ANALYZER_NUMBER_OBJECT_CONVERSION = YES_AGGRESSIVE;
				CLANG_CXX_LANGUAGE_STANDARD = "gnu++14";
				CLANG_CXX_LIBRARY = "libc++";
				CLANG_ENABLE_MODULES = YES;
				CLANG_ENABLE_OBJC_ARC = YES;
				CLANG_ENABLE_OBJC_WEAK = YES;
				CLANG_WARN_BLOCK_CAPTURE_AUTORELEASING = YES;
				CLANG_WARN_BOOL_CONVERSION = YES;
				CLANG_WARN_COMMA = YES;
				CLANG_WARN_CONSTANT_CONVERSION = YES;
				CLANG_WARN_DEPRECATED_OBJC_IMPLEMENTATIONS = YES;
				CLANG_WARN_DIRECT_OBJC_ISA_USAGE = YES_ERROR;
				CLANG_WARN_DOCUMENTATION_COMMENTS = YES;
				CLANG_WARN_EMPTY_BODY = YES;
				CLANG_WARN_ENUM_CONVERSION = YES;
				CLANG_WARN_INFINITE_RECURSION = YES;
				CLANG_WARN_INT_CONVERSION = YES;
				CLANG_WARN_NON_LITERAL_NULL_CONVERSION = YES;
				CLANG_WARN_OBJC_IMPLICIT_RETAIN_SELF = YES;
				CLANG_WARN_OBJC_LITERAL_CONVERSION = YES;
				CLANG_WARN_OBJC_ROOT_CLASS = YES_ERROR;
				CLANG_WARN_RANGE_LOOP_ANALYSIS = YES;
				CLANG_WARN_STRICT_PROTOTYPES = YES;
				CLANG_WARN_SUSPICIOUS_MOVE = YES;
				CLANG_WARN_UNGUARDED_AVAILABILITY = YES_AGGRESSIVE;
				CLANG_WARN_UNREACHABLE_CODE = YES;
				CLANG_WARN__DUPLICATE_METHOD_MATCH = YES;
				COPY_PHASE_STRIP = NO;
				DEBUG_INFORMATION_FORMAT = "dwarf-with-dsym";
				ENABLE_NS_ASSERTIONS = NO;
				ENABLE_STRICT_OBJC_MSGSEND = YES;
				GCC_C_LANGUAGE_STANDARD = gnu11;
				GCC_NO_COMMON_BLOCKS = YES;
				GCC_WARN_64_TO_32_BIT_CONVERSION = YES;
				GCC_WARN_ABOUT_RETURN_TYPE = YES_ERROR;
				GCC_WARN_UNDECLARED_SELECTOR = YES;
				GCC_WARN_UNINITIALIZED_AUTOS = YES_AGGRESSIVE;
				GCC_WARN_UNUSED_FUNCTION = YES;
				GCC_WARN_UNUSED_VARIABLE = YES;
				IPHONEOS_DEPLOYMENT_TARGET = 13.2;
				MTL_ENABLE_DEBUG_INFO = NO;
				MTL_FAST_MATH = YES;
				SDKROOT = iphoneos;
				SWIFT_COMPILATION_MODE = wholemodule;
				SWIFT_OPTIMIZATION_LEVEL = "-O";
				VALIDATE_PRODUCT = YES;
			};
			name = Release;
		};
		558C2A73245C6AD00072C75A /* Debug */ = {
			isa = XCBuildConfiguration;
			buildSettings = {
				ASSETCATALOG_COMPILER_APPICON_NAME = AppIcon;
				CLANG_ENABLE_MODULES = YES;
				CODE_SIGN_STYLE = Automatic;
				DEVELOPMENT_TEAM = AFNUCJJ56P;
				INFOPLIST_FILE = Leetcode_pack_one/Info.plist;
				LD_RUNPATH_SEARCH_PATHS = (
					"$(inherited)",
					"@executable_path/Frameworks",
				);
				PRODUCT_BUNDLE_IDENTIFIER = "com.ashis.laha.Leetcode-pack-one";
				PRODUCT_NAME = "$(TARGET_NAME)";
				SWIFT_OPTIMIZATION_LEVEL = "-Onone";
				SWIFT_VERSION = 5.0;
				TARGETED_DEVICE_FAMILY = "1,2";
			};
			name = Debug;
		};
		558C2A74245C6AD00072C75A /* Release */ = {
			isa = XCBuildConfiguration;
			buildSettings = {
				ASSETCATALOG_COMPILER_APPICON_NAME = AppIcon;
				CLANG_ENABLE_MODULES = YES;
				CODE_SIGN_STYLE = Automatic;
				DEVELOPMENT_TEAM = AFNUCJJ56P;
				INFOPLIST_FILE = Leetcode_pack_one/Info.plist;
				LD_RUNPATH_SEARCH_PATHS = (
					"$(inherited)",
					"@executable_path/Frameworks",
				);
				PRODUCT_BUNDLE_IDENTIFIER = "com.ashis.laha.Leetcode-pack-one";
				PRODUCT_NAME = "$(TARGET_NAME)";
				SWIFT_VERSION = 5.0;
				TARGETED_DEVICE_FAMILY = "1,2";
			};
			name = Release;
		};
/* End XCBuildConfiguration section */

/* Begin XCConfigurationList section */
		558C2A59245C6ACE0072C75A /* Build configuration list for PBXProject "Leetcode_pack_one" */ = {
			isa = XCConfigurationList;
			buildConfigurations = (
				558C2A70245C6AD00072C75A /* Debug */,
				558C2A71245C6AD00072C75A /* Release */,
			);
			defaultConfigurationIsVisible = 0;
			defaultConfigurationName = Release;
		};
		558C2A72245C6AD00072C75A /* Build configuration list for PBXNativeTarget "Leetcode_pack_one" */ = {
			isa = XCConfigurationList;
			buildConfigurations = (
				558C2A73245C6AD00072C75A /* Debug */,
				558C2A74245C6AD00072C75A /* Release */,
			);
			defaultConfigurationIsVisible = 0;
			defaultConfigurationName = Release;
		};
/* End XCConfigurationList section */
	};
	rootObject = 558C2A56245C6ACE0072C75A /* Project object */;
}
