// !$*UTF8*$!
{
	archiveVersion = 1;
	classes = {
	};
	objectVersion = 50;
	objects = {

/* Begin PBXBuildFile section */
		5525C328267A4EF40029E5D1 /* MinHeap.swift in Sources */ = {isa = PBXBuildFile; fileRef = 5525C327267A4EF40029E5D1 /* MinHeap.swift */; };
		554716A9267C770B00B34DBF /* InOrderTraversal.swift in Sources */ = {isa = PBXBuildFile; fileRef = 554716A8267C770B00B34DBF /* InOrderTraversal.swift */; };
		554716AE267FA3FF00B34DBF /* GroupAnangram.swift in Sources */ = {isa = PBXBuildFile; fileRef = 554716AD267FA3FF00B34DBF /* GroupAnangram.swift */; };
		558C2A62245C6ACF0072C75A /* AppDelegate.swift in Sources */ = {isa = PBXBuildFile; fileRef = 558C2A61245C6ACF0072C75A /* AppDelegate.swift */; };
		558C2A64245C6ACF0072C75A /* SceneDelegate.swift in Sources */ = {isa = PBXBuildFile; fileRef = 558C2A63245C6ACF0072C75A /* SceneDelegate.swift */; };
		558C2A66245C6ACF0072C75A /* ViewController.swift in Sources */ = {isa = PBXBuildFile; fileRef = 558C2A65245C6ACF0072C75A /* ViewController.swift */; };
		558C2A69245C6ACF0072C75A /* Main.storyboard in Resources */ = {isa = PBXBuildFile; fileRef = 558C2A67245C6ACF0072C75A /* Main.storyboard */; };
		558C2A6B245C6AD00072C75A /* Assets.xcassets in Resources */ = {isa = PBXBuildFile; fileRef = 558C2A6A245C6AD00072C75A /* Assets.xcassets */; };
		558C2A6E245C6AD00072C75A /* LaunchScreen.storyboard in Resources */ = {isa = PBXBuildFile; fileRef = 558C2A6C245C6AD00072C75A /* LaunchScreen.storyboard */; };
		558C2A76245C6B580072C75A /* EasyOne.swift in Sources */ = {isa = PBXBuildFile; fileRef = 558C2A75245C6B580072C75A /* EasyOne.swift */; };
		5599ADD32677097C009C2F8F /* LongestPalindromeSubstring.swift in Sources */ = {isa = PBXBuildFile; fileRef = 5599ADD22677097C009C2F8F /* LongestPalindromeSubstring.swift */; };
		55AE98B92675FF610090855F /* LevelWiseTraversal.swift in Sources */ = {isa = PBXBuildFile; fileRef = 55AE98B82675FF610090855F /* LevelWiseTraversal.swift */; };
		55E630702674FD45001D5A59 /* 3Sum.swift in Sources */ = {isa = PBXBuildFile; fileRef = 55E6306F2674FD45001D5A59 /* 3Sum.swift */; };
		55E630722675B4F9001D5A59 /* SetMatrixZero.swift in Sources */ = {isa = PBXBuildFile; fileRef = 55E630712675B4F8001D5A59 /* SetMatrixZero.swift */; };
/* End PBXBuildFile section */

/* Begin PBXFileReference section */
		5525C327267A4EF40029E5D1 /* MinHeap.swift */ = {isa = PBXFileReference; lastKnownFileType = sourcecode.swift; path = MinHeap.swift; sourceTree = "<group>"; };
		554716A8267C770B00B34DBF /* InOrderTraversal.swift */ = {isa = PBXFileReference; lastKnownFileType = sourcecode.swift; path = InOrderTraversal.swift; sourceTree = "<group>"; };
		554716AD267FA3FF00B34DBF /* GroupAnangram.swift */ = {isa = PBXFileReference; lastKnownFileType = sourcecode.swift; path = GroupAnangram.swift; sourceTree = "<group>"; };
		558C2A5E245C6ACF0072C75A /* Leetcode_pack_one.app */ = {isa = PBXFileReference; explicitFileType = wrapper.application; includeInIndex = 0; path = Leetcode_pack_one.app; sourceTree = BUILT_PRODUCTS_DIR; };
		558C2A61245C6ACF0072C75A /* AppDelegate.swift */ = {isa = PBXFileReference; lastKnownFileType = sourcecode.swift; path = AppDelegate.swift; sourceTree = "<group>"; };
		558C2A63245C6ACF0072C75A /* SceneDelegate.swift */ = {isa = PBXFileReference; lastKnownFileType = sourcecode.swift; path = SceneDelegate.swift; sourceTree = "<group>"; };
		558C2A65245C6ACF0072C75A /* ViewController.swift */ = {isa = PBXFileReference; lastKnownFileType = sourcecode.swift; path = ViewController.swift; sourceTree = "<group>"; };
		558C2A68245C6ACF0072C75A /* Base */ = {isa = PBXFileReference; lastKnownFileType = file.storyboard; name = Base; path = Base.lproj/Main.storyboard; sourceTree = "<group>"; };
		558C2A6A245C6AD00072C75A /* Assets.xcassets */ = {isa = PBXFileReference; lastKnownFileType = folder.assetcatalog; path = Assets.xcassets; sourceTree = "<group>"; };
		558C2A6D245C6AD00072C75A /* Base */ = {isa = PBXFileReference; lastKnownFileType = file.storyboard; name = Base; path = Base.lproj/LaunchScreen.storyboard; sourceTree = "<group>"; };
		558C2A6F245C6AD00072C75A /* Info.plist */ = {isa = PBXFileReference; lastKnownFileType = text.plist.xml; path = Info.plist; sourceTree = "<group>"; };
		558C2A75245C6B580072C75A /* EasyOne.swift */ = {isa = PBXFileReference; lastKnownFileType = sourcecode.swift; path = EasyOne.swift; sourceTree = "<group>"; };
		5599ADD22677097C009C2F8F /* LongestPalindromeSubstring.swift */ = {isa = PBXFileReference; lastKnownFileType = sourcecode.swift; path = LongestPalindromeSubstring.swift; sourceTree = "<group>"; };
		55AE98B82675FF610090855F /* LevelWiseTraversal.swift */ = {isa = PBXFileReference; lastKnownFileType = sourcecode.swift; path = LevelWiseTraversal.swift; sourceTree = "<group>"; };
		55E6306F2674FD45001D5A59 /* 3Sum.swift */ = {isa = PBXFileReference; lastKnownFileType = sourcecode.swift; path = 3Sum.swift; sourceTree = "<group>"; };
		55E630712675B4F8001D5A59 /* SetMatrixZero.swift */ = {isa = PBXFileReference; lastKnownFileType = sourcecode.swift; path = SetMatrixZero.swift; sourceTree = "<group>"; };
/* End PBXFileReference section */

/* Begin PBXFrameworksBuildPhase section */
		558C2A5B245C6ACF0072C75A /* Frameworks */ = {
			isa = PBXFrameworksBuildPhase;
			buildActionMask = 2147483647;
			files = (
			);
			runOnlyForDeploymentPostprocessing = 0;
		};
/* End PBXFrameworksBuildPhase section */

/* Begin PBXGroup section */
		558C2A55245C6ACE0072C75A = {
			isa = PBXGroup;
			children = (
				558C2A60245C6ACF0072C75A /* Leetcode_pack_one */,
				558C2A5F245C6ACF0072C75A /* Products */,
			);
			sourceTree = "<group>";
		};
		558C2A5F245C6ACF0072C75A /* Products */ = {
			isa = PBXGroup;
			children = (
				558C2A5E245C6ACF0072C75A /* Leetcode_pack_one.app */,
			);
			name = Products;
			sourceTree = "<group>";
		};
		558C2A60245C6ACF0072C75A /* Leetcode_pack_one */ = {
			isa = PBXGroup;
			children = (
				558C2A61245C6ACF0072C75A /* AppDelegate.swift */,
				558C2A63245C6ACF0072C75A /* SceneDelegate.swift */,
				558C2A65245C6ACF0072C75A /* ViewController.swift */,
				5525C327267A4EF40029E5D1 /* MinHeap.swift */,
				55E630712675B4F8001D5A59 /* SetMatrixZero.swift */,
				55E6306F2674FD45001D5A59 /* 3Sum.swift */,
				5599ADD22677097C009C2F8F /* LongestPalindromeSubstring.swift */,
				554716AD267FA3FF00B34DBF /* GroupAnangram.swift */,
				55AE98B82675FF610090855F /* LevelWiseTraversal.swift */,
				558C2A75245C6B580072C75A /* EasyOne.swift */,
				558C2A67245C6ACF0072C75A /* Main.storyboard */,
				558C2A6A245C6AD00072C75A /* Assets.xcassets */,
				558C2A6C245C6AD00072C75A /* LaunchScreen.storyboard */,
				558C2A6F245C6AD00072C75A /* Info.plist */,
				554716A8267C770B00B34DBF /* InOrderTraversal.swift */,
			);
			path = Leetcode_pack_one;
			sourceTree = "<group>";
		};
/* End PBXGroup section */

/* Begin PBXNativeTarget section */
		558C2A5D245C6ACF0072C75A /* Leetcode_pack_one */ = {
			isa = PBXNativeTarget;
			buildConfigurationList = 558C2A72245C6AD00072C75A /* Build configuration list for PBXNativeTarget "Leetcode_pack_one" */;
			buildPhases = (
				558C2A5A245C6ACF0072C75A /* Sources */,
				558C2A5B245C6ACF0072C75A /* Frameworks */,
				558C2A5C245C6ACF0072C75A /* Resources */,
			);
			buildRules = (
			);
			dependencies = (
			);
			name = Leetcode_pack_one;
			productName = Leetcode_pack_one;
			productReference = 558C2A5E245C6ACF0072C75A /* Leetcode_pack_one.app */;
			productType = "com.apple.product-type.application";
		};
/* End PBXNativeTarget section */

/* Begin PBXProject section */
		558C2A56245C6ACE0072C75A /* Project object */ = {
			isa = PBXProject;
			attributes = {
				LastSwiftUpdateCheck = 1120;
				LastUpgradeCheck = 1120;
				ORGANIZATIONNAME = "Ashis Laha";
				TargetAttributes = {
					558C2A5D245C6ACF0072C75A = {
						CreatedOnToolsVersion = 11.2.1;
					};
				};
			};
			buildConfigurationList = 558C2A59245C6ACE0072C75A /* Build configuration list for PBXProject "Leetcode_pack_one" */;
			compatibilityVersion = "Xcode 9.3";
			developmentRegion = en;
			hasScannedForEncodings = 0;
			knownRegions = (
				en,
				Base,
			);
			mainGroup = 558C2A55245C6ACE0072C75A;
			productRefGroup = 558C2A5F245C6ACF0072C75A /* Products */;
			projectDirPath = "";
			projectRoot = "";
			targets = (
				558C2A5D245C6ACF0072C75A /* Leetcode_pack_one */,
			);
		};
/* End PBXProject section */

/* Begin PBXResourcesBuildPhase section */
		558C2A5C245C6ACF0072C75A /* Resources */ = {
			isa = PBXResourcesBuildPhase;
			buildActionMask = 2147483647;
			files = (
				558C2A6E245C6AD00072C75A /* LaunchScreen.storyboard in Resources */,
				558C2A6B245C6AD00072C75A /* Assets.xcassets in Resources */,
				558C2A69245C6ACF0072C75A /* Main.storyboard in Resources */,
			);
			runOnlyForDeploymentPostprocessing = 0;
		};
/* End PBXResourcesBuildPhase section */

/* Begin PBXSourcesBuildPhase section */
		558C2A5A245C6ACF0072C75A /* Sources */ = {
			isa = PBXSourcesBuildPhase;
			buildActionMask = 2147483647;
			files = (
				554716A9267C770B00B34DBF /* InOrderTraversal.swift in Sources */,
				55E630702674FD45001D5A59 /* 3Sum.swift in Sources */,
				558C2A76245C6B580072C75A /* EasyOne.swift in Sources */,
				558C2A66245C6ACF0072C75A /* ViewController.swift in Sources */,
				554716AE267FA3FF00B34DBF /* GroupAnangram.swift in Sources */,
				558C2A62245C6ACF0072C75A /* AppDelegate.swift in Sources */,
				55AE98B92675FF610090855F /* LevelWiseTraversal.swift in Sources */,
				5525C328267A4EF40029E5D1 /* MinHeap.swift in Sources */,
				558C2A64245C6ACF0072C75A /* SceneDelegate.swift in Sources */,
				5599ADD32677097C009C2F8F /* LongestPalindromeSubstring.swift in Sources */,
				55E630722675B4F9001D5A59 /* SetMatrixZero.swift in Sources */,
			);
			runOnlyForDeploymentPostprocessing = 0;
		};
/* End PBXSourcesBuildPhase section */

/* Begin PBXVariantGroup section */
		558C2A67245C6ACF0072C75A /* Main.storyboard */ = {
			isa = PBXVariantGroup;
			children = (
				558C2A68245C6ACF0072C75A /* Base */,
			);
			name = Main.storyboard;
			sourceTree = "<group>";
		};
		558C2A6C245C6AD00072C75A /* LaunchScreen.storyboard */ = {
			isa = PBXVariantGroup;
			children = (
				558C2A6D245C6AD00072C75A /* Base */,
			);
			name = LaunchScreen.storyboard;
			sourceTree = "<group>";
		};
/* End PBXVariantGroup section */

/* Begin XCBuildConfiguration section */
		558C2A70245C6AD00072C75A /* Debug */ = {
			isa = XCBuildConfiguration;
			buildSettings = {
				ALWAYS_SEARCH_USER_PATHS = NO;
				CLANG_ANALYZER_NONNULL = YES;
				CLANG_ANALYZER_NUMBER_OBJECT_CONVERSION = YES_AGGRESSIVE;
				CLANG_CXX_LANGUAGE_STANDARD = "gnu++14";
				CLANG_CXX_LIBRARY = "libc++";
				CLANG_ENABLE_MODULES = YES;
				CLANG_ENABLE_OBJC_ARC = YES;
				CLANG_ENABLE_OBJC_WEAK = YES;
				CLANG_WARN_BLOCK_CAPTURE_AUTORELEASING = YES;
				CLANG_WARN_BOOL_CONVERSION = YES;
				CLANG_WARN_COMMA = YES;
				CLANG_WARN_CONSTANT_CONVERSION = YES;
				CLANG_WARN_DEPRECATED_OBJC_IMPLEMENTATIONS = YES;
				CLANG_WARN_DIRECT_OBJC_ISA_USAGE = YES_ERROR;
				CLANG_WARN_DOCUMENTATION_COMMENTS = YES;
				CLANG_WARN_EMPTY_BODY = YES;
				CLANG_WARN_ENUM_CONVERSION = YES;
				CLANG_WARN_INFINITE_RECURSION = YES;
				CLANG_WARN_INT_CONVERSION = YES;
				CLANG_WARN_NON_LITERAL_NULL_CONVERSION = YES;
				CLANG_WARN_OBJC_IMPLICIT_RETAIN_SELF = YES;
				CLANG_WARN_OBJC_LITERAL_CONVERSION = YES;
				CLANG_WARN_OBJC_ROOT_CLASS = YES_ERROR;
				CLANG_WARN_RANGE_LOOP_ANALYSIS = YES;
				CLANG_WARN_STRICT_PROTOTYPES = YES;
				CLANG_WARN_SUSPICIOUS_MOVE = YES;
				CLANG_WARN_UNGUARDED_AVAILABILITY = YES_AGGRESSIVE;
				CLANG_WARN_UNREACHABLE_CODE = YES;
				CLANG_WARN__DUPLICATE_METHOD_MATCH = YES;
				COPY_PHASE_STRIP = NO;
				DEBUG_INFORMATION_FORMAT = dwarf;
				ENABLE_STRICT_OBJC_MSGSEND = YES;
				ENABLE_TESTABILITY = YES;
				GCC_C_LANGUAGE_STANDARD = gnu11;
				GCC_DYNAMIC_NO_PIC = NO;
				GCC_NO_COMMON_BLOCKS = YES;
				GCC_OPTIMIZATION_LEVEL = 0;
				GCC_PREPROCESSOR_DEFINITIONS = (
					"DEBUG=1",
					"$(inherited)",
				);
				GCC_WARN_64_TO_32_BIT_CONVERSION = YES;
				GCC_WARN_ABOUT_RETURN_TYPE = YES_ERROR;
				GCC_WARN_UNDECLARED_SELECTOR = YES;
				GCC_WARN_UNINITIALIZED_AUTOS = YES_AGGRESSIVE;
				GCC_WARN_UNUSED_FUNCTION = YES;
				GCC_WARN_UNUSED_VARIABLE = YES;
				IPHONEOS_DEPLOYMENT_TARGET = 13.2;
				MTL_ENABLE_DEBUG_INFO = INCLUDE_SOURCE;
				MTL_FAST_MATH = YES;
				ONLY_ACTIVE_ARCH = YES;
				SDKROOT = iphoneos;
				SWIFT_ACTIVE_COMPILATION_CONDITIONS = DEBUG;
				SWIFT_OPTIMIZATION_LEVEL = "-Onone";
			};
			name = Debug;
		};
		558C2A71245C6AD00072C75A /* Release */ = {
			isa = XCBuildConfiguration;
			buildSettings = {
				ALWAYS_SEARCH_USER_PATHS = NO;
				CLANG_ANALYZER_NONNULL = YES;
				CLANG_ANALYZER_NUMBER_OBJECT_CONVERSION = YES_AGGRESSIVE;
				CLANG_CXX_LANGUAGE_STANDARD = "gnu++14";
				CLANG_CXX_LIBRARY = "libc++";
				CLANG_ENABLE_MODULES = YES;
				CLANG_ENABLE_OBJC_ARC = YES;
				CLANG_ENABLE_OBJC_WEAK = YES;
				CLANG_WARN_BLOCK_CAPTURE_AUTORELEASING = YES;
				CLANG_WARN_BOOL_CONVERSION = YES;
				CLANG_WARN_COMMA = YES;
				CLANG_WARN_CONSTANT_CONVERSION = YES;
				CLANG_WARN_DEPRECATED_OBJC_IMPLEMENTATIONS = YES;
				CLANG_WARN_DIRECT_OBJC_ISA_USAGE = YES_ERROR;
				CLANG_WARN_DOCUMENTATION_COMMENTS = YES;
				CLANG_WARN_EMPTY_BODY = YES;
				CLANG_WARN_ENUM_CONVERSION = YES;
				CLANG_WARN_INFINITE_RECURSION = YES;
				CLANG_WARN_INT_CONVERSION = YES;
				CLANG_WARN_NON_LITERAL_NULL_CONVERSION = YES;
				CLANG_WARN_OBJC_IMPLICIT_RETAIN_SELF = YES;
				CLANG_WARN_OBJC_LITERAL_CONVERSION = YES;
				CLANG_WARN_OBJC_ROOT_CLASS = YES_ERROR;
				CLANG_WARN_RANGE_LOOP_ANALYSIS = YES;
				CLANG_WARN_STRICT_PROTOTYPES = YES;
				CLANG_WARN_SUSPICIOUS_MOVE = YES;
				CLANG_WARN_UNGUARDED_AVAILABILITY = YES_AGGRESSIVE;
				CLANG_WARN_UNREACHABLE_CODE = YES;
				CLANG_WARN__DUPLICATE_METHOD_MATCH = YES;
				COPY_PHASE_STRIP = NO;
				DEBUG_INFORMATION_FORMAT = "dwarf-with-dsym";
				ENABLE_NS_ASSERTIONS = NO;
				ENABLE_STRICT_OBJC_MSGSEND = YES;
				GCC_C_LANGUAGE_STANDARD = gnu11;
				GCC_NO_COMMON_BLOCKS = YES;
				GCC_WARN_64_TO_32_BIT_CONVERSION = YES;
				GCC_WARN_ABOUT_RETURN_TYPE = YES_ERROR;
				GCC_WARN_UNDECLARED_SELECTOR = YES;
				GCC_WARN_UNINITIALIZED_AUTOS = YES_AGGRESSIVE;
				GCC_WARN_UNUSED_FUNCTION = YES;
				GCC_WARN_UNUSED_VARIABLE = YES;
				IPHONEOS_DEPLOYMENT_TARGET = 13.2;
				MTL_ENABLE_DEBUG_INFO = NO;
				MTL_FAST_MATH = YES;
				SDKROOT = iphoneos;
				SWIFT_COMPILATION_MODE = wholemodule;
				SWIFT_OPTIMIZATION_LEVEL = "-O";
				VALIDATE_PRODUCT = YES;
			};
			name = Release;
		};
		558C2A73245C6AD00072C75A /* Debug */ = {
			isa = XCBuildConfiguration;
			buildSettings = {
				ASSETCATALOG_COMPILER_APPICON_NAME = AppIcon;
				CODE_SIGN_STYLE = Automatic;
				DEVELOPMENT_TEAM = AFNUCJJ56P;
				INFOPLIST_FILE = Leetcode_pack_one/Info.plist;
				LD_RUNPATH_SEARCH_PATHS = (
					"$(inherited)",
					"@executable_path/Frameworks",
				);
				PRODUCT_BUNDLE_IDENTIFIER = "com.ashis.laha.Leetcode-pack-one";
				PRODUCT_NAME = "$(TARGET_NAME)";
				SWIFT_VERSION = 5.0;
				TARGETED_DEVICE_FAMILY = "1,2";
			};
			name = Debug;
		};
		558C2A74245C6AD00072C75A /* Release */ = {
			isa = XCBuildConfiguration;
			buildSettings = {
				ASSETCATALOG_COMPILER_APPICON_NAME = AppIcon;
				CODE_SIGN_STYLE = Automatic;
				DEVELOPMENT_TEAM = AFNUCJJ56P;
				INFOPLIST_FILE = Leetcode_pack_one/Info.plist;
				LD_RUNPATH_SEARCH_PATHS = (
					"$(inherited)",
					"@executable_path/Frameworks",
				);
				PRODUCT_BUNDLE_IDENTIFIER = "com.ashis.laha.Leetcode-pack-one";
				PRODUCT_NAME = "$(TARGET_NAME)";
				SWIFT_VERSION = 5.0;
				TARGETED_DEVICE_FAMILY = "1,2";
			};
			name = Release;
		};
/* End XCBuildConfiguration section */

/* Begin XCConfigurationList section */
		558C2A59245C6ACE0072C75A /* Build configuration list for PBXProject "Leetcode_pack_one" */ = {
			isa = XCConfigurationList;
			buildConfigurations = (
				558C2A70245C6AD00072C75A /* Debug */,
				558C2A71245C6AD00072C75A /* Release */,
			);
			defaultConfigurationIsVisible = 0;
			defaultConfigurationName = Release;
		};
		558C2A72245C6AD00072C75A /* Build configuration list for PBXNativeTarget "Leetcode_pack_one" */ = {
			isa = XCConfigurationList;
			buildConfigurations = (
				558C2A73245C6AD00072C75A /* Debug */,
				558C2A74245C6AD00072C75A /* Release */,
			);
			defaultConfigurationIsVisible = 0;
			defaultConfigurationName = Release;
		};
/* End XCConfigurationList section */
	};
	rootObject = 558C2A56245C6ACE0072C75A /* Project object */;
}
